lockfileVersion: '6.0'

settings:
  autoInstallPeers: true
  excludeLinksFromLockfile: false

devDependencies:
  '@types/node':
    specifier: ^16.0.0
    version: 16.18.119
  '@types/vscode':
    specifier: ^1.80.0
    version: 1.95.0
  typescript:
    specifier: ^5.0.0
    version: 5.6.3

packages:

  /@types/node@16.18.119:
    resolution: {integrity: sha512-ia7V9a2FnhUFfetng4/sRPBMTwHZUkPFY736rb1cg9AgG7MZdR97q7/nLR9om+sq5f1la9C857E0l/nrI0RiFQ==}
    dev: true

  /@types/vscode@1.95.0:
    resolution: {integrity: sha512-0LBD8TEiNbet3NvWsmn59zLzOFu/txSlGxnv5yAFHCrhG9WvAnR3IvfHzMOs2aeWqgvNjq9pO99IUw8d3n+unw==}
    dev: true

  /typescript@5.6.3:
    resolution: {integrity: sha512-hjcS1mhfuyi4WW8IWtjP7brDrG2cuDZukyrYrSauoXGNgx0S7zceP07adYkJycEr56BOUTNPzbInooiN3fn1qw==}
    engines: {node: '>=14.17'}
    hasBin: true
    dev: true
