lockfileVersion: 5.3

specifiers:
  '@types/node': ^16.0.0
  '@types/vscode': ^1.80.0
  typescript: ^5.0.0

devDependencies:
  '@types/node': 16.18.123
  '@types/vscode': 1.96.0
  typescript: 5.7.3

packages:

  /@types/node/16.18.123:
    resolution: {integrity: sha512-/n7I6V/4agSpJtFDKKFEa763Hc1z3hmvchobHS1TisCOTKD5nxq8NJ2iK7SRIMYL276Q9mgWOx2AWp5n2XI6eA==}
    dev: true

  /@types/vscode/1.96.0:
    resolution: {integrity: sha512-qvZbSZo+K4ZYmmDuaodMbAa67Pl6VDQzLKFka6rq+3WUTY4Kro7Bwoi0CuZLO/wema0ygcmpwow7zZfPJTs5jg==}
    dev: true

  /typescript/5.7.3:
    resolution: {integrity: sha512-84MVSjMEHP+FQRPy3pX9sTVV/INIex71s9TL2Gm5FG/WG1SqXeKyZ0k7/blY/4FdOzI12CBy1vGc4og/eus0fw==}
    engines: {node: '>=14.17'}
    hasBin: true
    dev: true
